// !$*UTF8*$!
{
	archiveVersion = 1;
	classes = {
	};
	objectVersion = 56;
	objects = {

/* Begin PBXBuildFile section */
		13B1AB9329E295FC0097E385 /* APIProjectApp.swift in Sources */ = {isa = PBXBuildFile; fileRef = 13B1AB9229E295FC0097E385 /* APIProjectApp.swift */; };
		13B1AB9529E295FC0097E385 /* ImageGenerator.swift in Sources */ = {isa = PBXBuildFile; fileRef = 13B1AB9429E295FC0097E385 /* ImageGenerator.swift */; };
		13B1AB9729E296000097E385 /* Assets.xcassets in Resources */ = {isa = PBXBuildFile; fileRef = 13B1AB9629E296000097E385 /* Assets.xcassets */; };
		13B1AB9A29E296000097E385 /* Preview Assets.xcassets in Resources */ = {isa = PBXBuildFile; fileRef = 13B1AB9929E296000097E385 /* Preview Assets.xcassets */; };
		13B1ABA229E296440097E385 /* OpenAIKit in Frameworks */ = {isa = PBXBuildFile; productRef = 13B1ABA129E296440097E385 /* OpenAIKit */; };
		13B1ABA429E29D990097E385 /* TextGenerator.swift in Sources */ = {isa = PBXBuildFile; fileRef = 13B1ABA329E29D990097E385 /* TextGenerator.swift */; };
		13B1ABA629E2A1C70097E385 /* Sentiment.swift in Sources */ = {isa = PBXBuildFile; fileRef = 13B1ABA529E2A1C70097E385 /* Sentiment.swift */; };
		13B1ABA829E2ABF40097E385 /* SelectionScreen.swift in Sources */ = {isa = PBXBuildFile; fileRef = 13B1ABA729E2ABF40097E385 /* SelectionScreen.swift */; };
/* End PBXBuildFile section */

/* Begin PBXFileReference section */
		13B1AB8F29E295FC0097E385 /* APIProject.app */ = {isa = PBXFileReference; explicitFileType = wrapper.application; includeInIndex = 0; path = APIProject.app; sourceTree = BUILT_PRODUCTS_DIR; };
		13B1AB9229E295FC0097E385 /* APIProjectApp.swift */ = {isa = PBXFileReference; lastKnownFileType = sourcecode.swift; path = APIProjectApp.swift; sourceTree = "<group>"; };
		13B1AB9429E295FC0097E385 /* ImageGenerator.swift */ = {isa = PBXFileReference; lastKnownFileType = sourcecode.swift; path = ImageGenerator.swift; sourceTree = "<group>"; };
		13B1AB9629E296000097E385 /* Assets.xcassets */ = {isa = PBXFileReference; lastKnownFileType = folder.assetcatalog; path = Assets.xcassets; sourceTree = "<group>"; };
		13B1AB9929E296000097E385 /* Preview Assets.xcassets */ = {isa = PBXFileReference; lastKnownFileType = folder.assetcatalog; path = "Preview Assets.xcassets"; sourceTree = "<group>"; };
		13B1ABA329E29D990097E385 /* TextGenerator.swift */ = {isa = PBXFileReference; lastKnownFileType = sourcecode.swift; path = TextGenerator.swift; sourceTree = "<group>"; };
		13B1ABA529E2A1C70097E385 /* Sentiment.swift */ = {isa = PBXFileReference; lastKnownFileType = sourcecode.swift; path = Sentiment.swift; sourceTree = "<group>"; };
		13B1ABA729E2ABF40097E385 /* SelectionScreen.swift */ = {isa = PBXFileReference; lastKnownFileType = sourcecode.swift; path = SelectionScreen.swift; sourceTree = "<group>"; };
/* End PBXFileReference section */

/* Begin PBXFrameworksBuildPhase section */
		13B1AB8C29E295FC0097E385 /* Frameworks */ = {
			isa = PBXFrameworksBuildPhase;
			buildActionMask = 2147483647;
			files = (
				13B1ABA229E296440097E385 /* OpenAIKit in Frameworks */,
			);
			runOnlyForDeploymentPostprocessing = 0;
		};
/* End PBXFrameworksBuildPhase section */

/* Begin PBXGroup section */
		13B1AB8629E295FC0097E385 = {
			isa = PBXGroup;
			children = (
				13B1AB9129E295FC0097E385 /* APIProject */,
				13B1AB9029E295FC0097E385 /* Products */,
			);
			sourceTree = "<group>";
		};
		13B1AB9029E295FC0097E385 /* Products */ = {
			isa = PBXGroup;
			children = (
				13B1AB8F29E295FC0097E385 /* APIProject.app */,
			);
			name = Products;
			sourceTree = "<group>";
		};
		13B1AB9129E295FC0097E385 /* APIProject */ = {
			isa = PBXGroup;
			children = (
				13B1AB9229E295FC0097E385 /* APIProjectApp.swift */,
				13B1ABA729E2ABF40097E385 /* SelectionScreen.swift */,
				13B1AB9429E295FC0097E385 /* ImageGenerator.swift */,
				13B1ABA329E29D990097E385 /* TextGenerator.swift */,
				13B1ABA529E2A1C70097E385 /* Sentiment.swift */,
				13B1AB9629E296000097E385 /* Assets.xcassets */,
				13B1AB9829E296000097E385 /* Preview Content */,
			);
			path = APIProject;
			sourceTree = "<group>";
		};
		13B1AB9829E296000097E385 /* Preview Content */ = {
			isa = PBXGroup;
			children = (
				13B1AB9929E296000097E385 /* Preview Assets.xcassets */,
			);
			path = "Preview Content";
			sourceTree = "<group>";
		};
/* End PBXGroup section */

/* Begin PBXNativeTarget section */
		13B1AB8E29E295FC0097E385 /* APIProject */ = {
			isa = PBXNativeTarget;
			buildConfigurationList = 13B1AB9D29E296000097E385 /* Build configuration list for PBXNativeTarget "APIProject" */;
			buildPhases = (
				13B1AB8B29E295FC0097E385 /* Sources */,
				13B1AB8C29E295FC0097E385 /* Frameworks */,
				13B1AB8D29E295FC0097E385 /* Resources */,
			);
			buildRules = (
			);
			dependencies = (
			);
			name = APIProject;
			packageProductDependencies = (
				13B1ABA129E296440097E385 /* OpenAIKit */,
			);
			productName = APIProject;
			productReference = 13B1AB8F29E295FC0097E385 /* APIProject.app */;
			productType = "com.apple.product-type.application";
		};
/* End PBXNativeTarget section */

/* Begin PBXProject section */
		13B1AB8729E295FC0097E385 /* Project object */ = {
			isa = PBXProject;
			attributes = {
				BuildIndependentTargetsInParallel = 1;
				LastSwiftUpdateCheck = 1420;
				LastUpgradeCheck = 1420;
				TargetAttributes = {
					13B1AB8E29E295FC0097E385 = {
						CreatedOnToolsVersion = 14.2;
					};
				};
			};
			buildConfigurationList = 13B1AB8A29E295FC0097E385 /* Build configuration list for PBXProject "APIProject" */;
			compatibilityVersion = "Xcode 14.0";
			developmentRegion = en;
			hasScannedForEncodings = 0;
			knownRegions = (
				en,
				Base,
			);
			mainGroup = 13B1AB8629E295FC0097E385;
			packageReferences = (
				13B1ABA029E296440097E385 /* XCRemoteSwiftPackageReference "OpenAIKit" */,
			);
			productRefGroup = 13B1AB9029E295FC0097E385 /* Products */;
			projectDirPath = "";
			projectRoot = "";
			targets = (
				13B1AB8E29E295FC0097E385 /* APIProject */,
			);
		};
/* End PBXProject section */

/* Begin PBXResourcesBuildPhase section */
		13B1AB8D29E295FC0097E385 /* Resources */ = {
			isa = PBXResourcesBuildPhase;
			buildActionMask = 2147483647;
			files = (
				13B1AB9A29E296000097E385 /* Preview Assets.xcassets in Resources */,
				13B1AB9729E296000097E385 /* Assets.xcassets in Resources */,
			);
			runOnlyForDeploymentPostprocessing = 0;
		};
/* End PBXResourcesBuildPhase section */

/* Begin PBXSourcesBuildPhase section */
		13B1AB8B29E295FC0097E385 /* Sources */ = {
			isa = PBXSourcesBuildPhase;
			buildActionMask = 2147483647;
			files = (
				13B1ABA429E29D990097E385 /* TextGenerator.swift in Sources */,
				13B1ABA629E2A1C70097E385 /* Sentiment.swift in Sources */,
				13B1AB9529E295FC0097E385 /* ImageGenerator.swift in Sources */,
				13B1ABA829E2ABF40097E385 /* SelectionScreen.swift in Sources */,
				13B1AB9329E295FC0097E385 /* APIProjectApp.swift in Sources */,
			);
			runOnlyForDeploymentPostprocessing = 0;
		};
/* End PBXSourcesBuildPhase section */

/* Begin XCBuildConfiguration section */
		13B1AB9B29E296000097E385 /* Debug */ = {
			isa = XCBuildConfiguration;
			buildSettings = {
				ALWAYS_SEARCH_USER_PATHS = NO;
				CLANG_ANALYZER_NONNULL = YES;
				CLANG_ANALYZER_NUMBER_OBJECT_CONVERSION = YES_AGGRESSIVE;
				CLANG_CXX_LANGUAGE_STANDARD = "gnu++20";
				CLANG_ENABLE_MODULES = YES;
				CLANG_ENABLE_OBJC_ARC = YES;
				CLANG_ENABLE_OBJC_WEAK = YES;
				CLANG_WARN_BLOCK_CAPTURE_AUTORELEASING = YES;
				CLANG_WARN_BOOL_CONVERSION = YES;
				CLANG_WARN_COMMA = YES;
				CLANG_WARN_CONSTANT_CONVERSION = YES;
				CLANG_WARN_DEPRECATED_OBJC_IMPLEMENTATIONS = YES;
				CLANG_WARN_DIRECT_OBJC_ISA_USAGE = YES_ERROR;
				CLANG_WARN_DOCUMENTATION_COMMENTS = YES;
				CLANG_WARN_EMPTY_BODY = YES;
				CLANG_WARN_ENUM_CONVERSION = YES;
				CLANG_WARN_INFINITE_RECURSION = YES;
				CLANG_WARN_INT_CONVERSION = YES;
				CLANG_WARN_NON_LITERAL_NULL_CONVERSION = YES;
				CLANG_WARN_OBJC_IMPLICIT_RETAIN_SELF = YES;
				CLANG_WARN_OBJC_LITERAL_CONVERSION = YES;
				CLANG_WARN_OBJC_ROOT_CLASS = YES_ERROR;
				CLANG_WARN_QUOTED_INCLUDE_IN_FRAMEWORK_HEADER = YES;
				CLANG_WARN_RANGE_LOOP_ANALYSIS = YES;
				CLANG_WARN_STRICT_PROTOTYPES = YES;
				CLANG_WARN_SUSPICIOUS_MOVE = YES;
				CLANG_WARN_UNGUARDED_AVAILABILITY = YES_AGGRESSIVE;
				CLANG_WARN_UNREACHABLE_CODE = YES;
				CLANG_WARN__DUPLICATE_METHOD_MATCH = YES;
				COPY_PHASE_STRIP = NO;
				DEBUG_INFORMATION_FORMAT = dwarf;
				ENABLE_STRICT_OBJC_MSGSEND = YES;
				ENABLE_TESTABILITY = YES;
				GCC_C_LANGUAGE_STANDARD = gnu11;
				GCC_DYNAMIC_NO_PIC = NO;
				GCC_NO_COMMON_BLOCKS = YES;
				GCC_OPTIMIZATION_LEVEL = 0;
				GCC_PREPROCESSOR_DEFINITIONS = (
					"DEBUG=1",
					"$(inherited)",
				);
				GCC_WARN_64_TO_32_BIT_CONVERSION = YES;
				GCC_WARN_ABOUT_RETURN_TYPE = YES_ERROR;
				GCC_WARN_UNDECLARED_SELECTOR = YES;
				GCC_WARN_UNINITIALIZED_AUTOS = YES_AGGRESSIVE;
				GCC_WARN_UNUSED_FUNCTION = YES;
				GCC_WARN_UNUSED_VARIABLE = YES;
				IPHONEOS_DEPLOYMENT_TARGET = 16.2;
				MTL_ENABLE_DEBUG_INFO = INCLUDE_SOURCE;
				MTL_FAST_MATH = YES;
				ONLY_ACTIVE_ARCH = YES;
				SDKROOT = iphoneos;
				SWIFT_ACTIVE_COMPILATION_CONDITIONS = DEBUG;
				SWIFT_OPTIMIZATION_LEVEL = "-Onone";
			};
			name = Debug;
		};
		13B1AB9C29E296000097E385 /* Release */ = {
			isa = XCBuildConfiguration;
			buildSettings = {
				ALWAYS_SEARCH_USER_PATHS = NO;
				CLANG_ANALYZER_NONNULL = YES;
				CLANG_ANALYZER_NUMBER_OBJECT_CONVERSION = YES_AGGRESSIVE;
				CLANG_CXX_LANGUAGE_STANDARD = "gnu++20";
				CLANG_ENABLE_MODULES = YES;
				CLANG_ENABLE_OBJC_ARC = YES;
				CLANG_ENABLE_OBJC_WEAK = YES;
				CLANG_WARN_BLOCK_CAPTURE_AUTORELEASING = YES;
				CLANG_WARN_BOOL_CONVERSION = YES;
				CLANG_WARN_COMMA = YES;
				CLANG_WARN_CONSTANT_CONVERSION = YES;
				CLANG_WARN_DEPRECATED_OBJC_IMPLEMENTATIONS = YES;
				CLANG_WARN_DIRECT_OBJC_ISA_USAGE = YES_ERROR;
				CLANG_WARN_DOCUMENTATION_COMMENTS = YES;
				CLANG_WARN_EMPTY_BODY = YES;
				CLANG_WARN_ENUM_CONVERSION = YES;
				CLANG_WARN_INFINITE_RECURSION = YES;
				CLANG_WARN_INT_CONVERSION = YES;
				CLANG_WARN_NON_LITERAL_NULL_CONVERSION = YES;
				CLANG_WARN_OBJC_IMPLICIT_RETAIN_SELF = YES;
				CLANG_WARN_OBJC_LITERAL_CONVERSION = YES;
				CLANG_WARN_OBJC_ROOT_CLASS = YES_ERROR;
				CLANG_WARN_QUOTED_INCLUDE_IN_FRAMEWORK_HEADER = YES;
				CLANG_WARN_RANGE_LOOP_ANALYSIS = YES;
				CLANG_WARN_STRICT_PROTOTYPES = YES;
				CLANG_WARN_SUSPICIOUS_MOVE = YES;
				CLANG_WARN_UNGUARDED_AVAILABILITY = YES_AGGRESSIVE;
				CLANG_WARN_UNREACHABLE_CODE = YES;
				CLANG_WARN__DUPLICATE_METHOD_MATCH = YES;
				COPY_PHASE_STRIP = NO;
				DEBUG_INFORMATION_FORMAT = "dwarf-with-dsym";
				ENABLE_NS_ASSERTIONS = NO;
				ENABLE_STRICT_OBJC_MSGSEND = YES;
				GCC_C_LANGUAGE_STANDARD = gnu11;
				GCC_NO_COMMON_BLOCKS = YES;
				GCC_WARN_64_TO_32_BIT_CONVERSION = YES;
				GCC_WARN_ABOUT_RETURN_TYPE = YES_ERROR;
				GCC_WARN_UNDECLARED_SELECTOR = YES;
				GCC_WARN_UNINITIALIZED_AUTOS = YES_AGGRESSIVE;
				GCC_WARN_UNUSED_FUNCTION = YES;
				GCC_WARN_UNUSED_VARIABLE = YES;
				IPHONEOS_DEPLOYMENT_TARGET = 16.2;
				MTL_ENABLE_DEBUG_INFO = NO;
				MTL_FAST_MATH = YES;
				SDKROOT = iphoneos;
				SWIFT_COMPILATION_MODE = wholemodule;
				SWIFT_OPTIMIZATION_LEVEL = "-O";
				VALIDATE_PRODUCT = YES;
			};
			name = Release;
		};
		13B1AB9E29E296000097E385 /* Debug */ = {
			isa = XCBuildConfiguration;
			buildSettings = {
				ASSETCATALOG_COMPILER_APPICON_NAME = AppIcon;
				ASSETCATALOG_COMPILER_GLOBAL_ACCENT_COLOR_NAME = AccentColor;
				CODE_SIGN_STYLE = Automatic;
				CURRENT_PROJECT_VERSION = 1;
				DEVELOPMENT_ASSET_PATHS = "\"APIProject/Preview Content\"";
				ENABLE_PREVIEWS = YES;
				GENERATE_INFOPLIST_FILE = YES;
				INFOPLIST_KEY_UIApplicationSceneManifest_Generation = YES;
				INFOPLIST_KEY_UIApplicationSupportsIndirectInputEvents = YES;
				INFOPLIST_KEY_UILaunchScreen_Generation = YES;
				INFOPLIST_KEY_UISupportedInterfaceOrientations_iPad = "UIInterfaceOrientationPortrait UIInterfaceOrientationPortraitUpsideDown UIInterfaceOrientationLandscapeLeft UIInterfaceOrientationLandscapeRight";
				INFOPLIST_KEY_UISupportedInterfaceOrientations_iPhone = "UIInterfaceOrientationPortrait UIInterfaceOrientationLandscapeLeft UIInterfaceOrientationLandscapeRight";
				LD_RUNPATH_SEARCH_PATHS = (
					"$(inherited)",
					"@executable_path/Frameworks",
				);
				MARKETING_VERSION = 1.0;
				PRODUCT_BUNDLE_IDENTIFIER = "Naysa-Alex.APIProject";
				PRODUCT_NAME = "$(TARGET_NAME)";
				SWIFT_EMIT_LOC_STRINGS = YES;
				SWIFT_VERSION = 5.0;
				TARGETED_DEVICE_FAMILY = "1,2";
			};
			name = Debug;
		};
		13B1AB9F29E296000097E385 /* Release */ = {
			isa = XCBuildConfiguration;
			buildSettings = {
				ASSETCATALOG_COMPILER_APPICON_NAME = AppIcon;
				ASSETCATALOG_COMPILER_GLOBAL_ACCENT_COLOR_NAME = AccentColor;
				CODE_SIGN_STYLE = Automatic;
				CURRENT_PROJECT_VERSION = 1;
				DEVELOPMENT_ASSET_PATHS = "\"APIProject/Preview Content\"";
				ENABLE_PREVIEWS = YES;
				GENERATE_INFOPLIST_FILE = YES;
				INFOPLIST_KEY_UIApplicationSceneManifest_Generation = YES;
				INFOPLIST_KEY_UIApplicationSupportsIndirectInputEvents = YES;
				INFOPLIST_KEY_UILaunchScreen_Generation = YES;
				INFOPLIST_KEY_UISupportedInterfaceOrientations_iPad = "UIInterfaceOrientationPortrait UIInterfaceOrientationPortraitUpsideDown UIInterfaceOrientationLandscapeLeft UIInterfaceOrientationLandscapeRight";
				INFOPLIST_KEY_UISupportedInterfaceOrientations_iPhone = "UIInterfaceOrientationPortrait UIInterfaceOrientationLandscapeLeft UIInterfaceOrientationLandscapeRight";
				LD_RUNPATH_SEARCH_PATHS = (
					"$(inherited)",
					"@executable_path/Frameworks",
				);
				MARKETING_VERSION = 1.0;
				PRODUCT_BUNDLE_IDENTIFIER = "Naysa-Alex.APIProject";
				PRODUCT_NAME = "$(TARGET_NAME)";
				SWIFT_EMIT_LOC_STRINGS = YES;
				SWIFT_VERSION = 5.0;
				TARGETED_DEVICE_FAMILY = "1,2";
			};
			name = Release;
		};
/* End XCBuildConfiguration section */

/* Begin XCConfigurationList section */
		13B1AB8A29E295FC0097E385 /* Build configuration list for PBXProject "APIProject" */ = {
			isa = XCConfigurationList;
			buildConfigurations = (
				13B1AB9B29E296000097E385 /* Debug */,
				13B1AB9C29E296000097E385 /* Release */,
			);
			defaultConfigurationIsVisible = 0;
			defaultConfigurationName = Release;
		};
		13B1AB9D29E296000097E385 /* Build configuration list for PBXNativeTarget "APIProject" */ = {
			isa = XCConfigurationList;
			buildConfigurations = (
				13B1AB9E29E296000097E385 /* Debug */,
				13B1AB9F29E296000097E385 /* Release */,
			);
			defaultConfigurationIsVisible = 0;
			defaultConfigurationName = Release;
		};
/* End XCConfigurationList section */

/* Begin XCRemoteSwiftPackageReference section */
		13B1ABA029E296440097E385 /* XCRemoteSwiftPackageReference "OpenAIKit" */ = {
			isa = XCRemoteSwiftPackageReference;
			repositoryURL = "https://github.com/MarcoDotIO/OpenAIKit";
			requirement = {
				kind = upToNextMajorVersion;
				minimumVersion = 1.0.0;
			};
		};
/* End XCRemoteSwiftPackageReference section */

/* Begin XCSwiftPackageProductDependency section */
		13B1ABA129E296440097E385 /* OpenAIKit */ = {
			isa = XCSwiftPackageProductDependency;
			package = 13B1ABA029E296440097E385 /* XCRemoteSwiftPackageReference "OpenAIKit" */;
			productName = OpenAIKit;
		};
/* End XCSwiftPackageProductDependency section */
	};
	rootObject = 13B1AB8729E295FC0097E385 /* Project object */;
}
